
Microsoft Visual Studio Solution File, Format Version 12.00
# Visual Studio Version 16
VisualStudioVersion = 16.0.30517.126
MinimumVisualStudioVersion = 10.0.40219.1
Project("{FAE04EC0-301F-11D3-BF4B-00C04F79EFBC}") = "shopaoquan", "shopaoquan\shopaoquan.csproj", "{B539DEFF-D09E-4CE3-9FBD-26AB23C00C01}"
EndProject
Global
	GlobalSection(SolutionConfigurationPlatforms) = preSolution
		Debug|Any CPU = Debug|Any CPU
		Release|Any CPU = Release|Any CPU
	EndGlobalSection
	GlobalSection(ProjectConfigurationPlatforms) = postSolution
		{B539DEFF-D09E-4CE3-9FBD-26AB23C00C01}.Debug|Any CPU.ActiveCfg = Debug|Any CPU
		{B539DEFF-D09E-4CE3-9FBD-26AB23C00C01}.Debug|Any CPU.Build.0 = Debug|Any CPU
		{B539DEFF-D09E-4CE3-9FBD-26AB23C00C01}.Release|Any CPU.ActiveCfg = Release|Any CPU
		{B539DEFF-D09E-4CE3-9FBD-26AB23C00C01}.Release|Any CPU.Build.0 = Release|Any CPU
	EndGlobalSection
	GlobalSection(SolutionProperties) = preSolution
		HideSolutionNode = FALSE
	EndGlobalSection
	GlobalSection(ExtensibilityGlobals) = postSolution
		SolutionGuid = {DE1D84BD-6843-43DA-929C-A731A7AB8EE8}
	EndGlobalSection
EndGlobal
